
Microsoft Visual Studio Solution File, Format Version 12.00
# Visual Studio Version 17
VisualStudioVersion = 17.6.33829.357
MinimumVisualStudioVersion = 10.0.40219.1
Project("{FAE04EC0-301F-11D3-BF4B-00C04F79EFBC}") = "ProductMicroService", "ProductMicroService\ProductMicroService.csproj", "{4A40D2C5-FBEA-4AD0-861B-6057270EA61C}"
EndProject
Project("{FAE04EC0-301F-11D3-BF4B-00C04F79EFBC}") = "PaymentMicroService", "PaymentMicroService\PaymentMicroService.csproj", "{D39F46BE-C370-41F1-AEAA-1479D9C22412}"
EndProject
Project("{FAE04EC0-301F-11D3-BF4B-00C04F79EFBC}") = "OcelotApiGateway", "OcelotApiGateway\OcelotApiGateway.csproj", "{11FF7E05-68D2-4893-8896-4E2E5892E029}"
EndProject
Global
	GlobalSection(SolutionConfigurationPlatforms) = preSolution
		Debug|Any CPU = Debug|Any CPU
		Release|Any CPU = Release|Any CPU
	EndGlobalSection
	GlobalSection(ProjectConfigurationPlatforms) = postSolution
		{4A40D2C5-FBEA-4AD0-861B-6057270EA61C}.Debug|Any CPU.ActiveCfg = Debug|Any CPU
		{4A40D2C5-FBEA-4AD0-861B-6057270EA61C}.Debug|Any CPU.Build.0 = Debug|Any CPU
		{4A40D2C5-FBEA-4AD0-861B-6057270EA61C}.Release|Any CPU.ActiveCfg = Release|Any CPU
		{4A40D2C5-FBEA-4AD0-861B-6057270EA61C}.Release|Any CPU.Build.0 = Release|Any CPU
		{D39F46BE-C370-41F1-AEAA-1479D9C22412}.Debug|Any CPU.ActiveCfg = Debug|Any CPU
		{D39F46BE-C370-41F1-AEAA-1479D9C22412}.Debug|Any CPU.Build.0 = Debug|Any CPU
		{D39F46BE-C370-41F1-AEAA-1479D9C22412}.Release|Any CPU.ActiveCfg = Release|Any CPU
		{D39F46BE-C370-41F1-AEAA-1479D9C22412}.Release|Any CPU.Build.0 = Release|Any CPU
		{11FF7E05-68D2-4893-8896-4E2E5892E029}.Debug|Any CPU.ActiveCfg = Debug|Any CPU
		{11FF7E05-68D2-4893-8896-4E2E5892E029}.Debug|Any CPU.Build.0 = Debug|Any CPU
		{11FF7E05-68D2-4893-8896-4E2E5892E029}.Release|Any CPU.ActiveCfg = Release|Any CPU
		{11FF7E05-68D2-4893-8896-4E2E5892E029}.Release|Any CPU.Build.0 = Release|Any CPU
	EndGlobalSection
	GlobalSection(SolutionProperties) = preSolution
		HideSolutionNode = FALSE
	EndGlobalSection
	GlobalSection(ExtensibilityGlobals) = postSolution
		SolutionGuid = {1CDDB4D6-E17A-4A58-85BC-827ECD34DCAF}
	EndGlobalSection
EndGlobal
